
Microsoft Visual Studio Solution File, Format Version 12.00
# Visual Studio Version 17
VisualStudioVersion = 17.9.34728.123
MinimumVisualStudioVersion = 10.0.40219.1
Project("{FAE04EC0-301F-11D3-BF4B-00C04F79EFBC}") = "Injeção de dependência", "Injeção de dependência\Injeção de dependência.csproj", "{92449539-0A7F-466B-BB9C-ED53DE2C042D}"
EndProject
Global
	GlobalSection(SolutionConfigurationPlatforms) = preSolution
		Debug|Any CPU = Debug|Any CPU
		Release|Any CPU = Release|Any CPU
	EndGlobalSection
	GlobalSection(ProjectConfigurationPlatforms) = postSolution
		{92449539-0A7F-466B-BB9C-ED53DE2C042D}.Debug|Any CPU.ActiveCfg = Debug|Any CPU
		{92449539-0A7F-466B-BB9C-ED53DE2C042D}.Debug|Any CPU.Build.0 = Debug|Any CPU
		{92449539-0A7F-466B-BB9C-ED53DE2C042D}.Release|Any CPU.ActiveCfg = Release|Any CPU
		{92449539-0A7F-466B-BB9C-ED53DE2C042D}.Release|Any CPU.Build.0 = Release|Any CPU
	EndGlobalSection
	GlobalSection(SolutionProperties) = preSolution
		HideSolutionNode = FALSE
	EndGlobalSection
	GlobalSection(ExtensibilityGlobals) = postSolution
		SolutionGuid = {E719D8D6-AC28-40B9-B14B-A7591621090C}
	EndGlobalSection
EndGlobal
